
Microsoft Visual Studio Solution File, Format Version 12.00
# Visual Studio Version 16
VisualStudioVersion = 16.0.30204.135
MinimumVisualStudioVersion = 10.0.40219.1
Project("{9A19103F-16F7-4668-BE54-9A1E7A4F7556}") = "CustomerApi", "CustomerApi\CustomerApi.csproj", "{90D0D41C-3DD0-4BA0-B682-14592F3EB51B}"
EndProject
Global
	GlobalSection(SolutionConfigurationPlatforms) = preSolution
		Debug|Any CPU = Debug|Any CPU
		Release|Any CPU = Release|Any CPU
	EndGlobalSection
	GlobalSection(ProjectConfigurationPlatforms) = postSolution
		{90D0D41C-3DD0-4BA0-B682-14592F3EB51B}.Debug|Any CPU.ActiveCfg = Debug|Any CPU
		{90D0D41C-3DD0-4BA0-B682-14592F3EB51B}.Debug|Any CPU.Build.0 = Debug|Any CPU
		{90D0D41C-3DD0-4BA0-B682-14592F3EB51B}.Release|Any CPU.ActiveCfg = Release|Any CPU
		{90D0D41C-3DD0-4BA0-B682-14592F3EB51B}.Release|Any CPU.Build.0 = Release|Any CPU
	EndGlobalSection
	GlobalSection(SolutionProperties) = preSolution
		HideSolutionNode = FALSE
	EndGlobalSection
	GlobalSection(ExtensibilityGlobals) = postSolution
		SolutionGuid = {40A7BB2B-E8B2-4EF8-AD57-1F0E6F9FB242}
	EndGlobalSection
EndGlobal
